
Microsoft Visual Studio Solution File, Format Version 12.00
# Visual Studio Version 16
VisualStudioVersion = 16.0.29230.47
MinimumVisualStudioVersion = 10.0.40219.1
Project("{FAE04EC0-301F-11D3-BF4B-00C04F79EFBC}") = "UWP", "UWP\UWP.csproj", "{CF4F0BB1-E527-492F-9F8C-0924F371E00C}"
EndProject
Project("{FAE04EC0-301F-11D3-BF4B-00C04F79EFBC}") = "ModelObjet", "ModelObjet\ModelObjet.csproj", "{1EC3C865-40AC-4FEF-A816-2752EE0658DC}"
EndProject
Global
	GlobalSection(SolutionConfigurationPlatforms) = preSolution
		Debug|Any CPU = Debug|Any CPU
		Debug|ARM = Debug|ARM
		Debug|ARM64 = Debug|ARM64
		Debug|x64 = Debug|x64
		Debug|x86 = Debug|x86
		Release|Any CPU = Release|Any CPU
		Release|ARM = Release|ARM
		Release|ARM64 = Release|ARM64
		Release|x64 = Release|x64
		Release|x86 = Release|x86
	EndGlobalSection
	GlobalSection(ProjectConfigurationPlatforms) = postSolution
		{CF4F0BB1-E527-492F-9F8C-0924F371E00C}.Debug|Any CPU.ActiveCfg = Debug|x86
		{CF4F0BB1-E527-492F-9F8C-0924F371E00C}.Debug|ARM.ActiveCfg = Debug|ARM
		{CF4F0BB1-E527-492F-9F8C-0924F371E00C}.Debug|ARM.Build.0 = Debug|ARM
		{CF4F0BB1-E527-492F-9F8C-0924F371E00C}.Debug|ARM.Deploy.0 = Debug|ARM
		{CF4F0BB1-E527-492F-9F8C-0924F371E00C}.Debug|ARM64.ActiveCfg = Debug|ARM64
		{CF4F0BB1-E527-492F-9F8C-0924F371E00C}.Debug|ARM64.Build.0 = Debug|ARM64
		{CF4F0BB1-E527-492F-9F8C-0924F371E00C}.Debug|ARM64.Deploy.0 = Debug|ARM64
		{CF4F0BB1-E527-492F-9F8C-0924F371E00C}.Debug|x64.ActiveCfg = Debug|x64
		{CF4F0BB1-E527-492F-9F8C-0924F371E00C}.Debug|x64.Build.0 = Debug|x64
		{CF4F0BB1-E527-492F-9F8C-0924F371E00C}.Debug|x64.Deploy.0 = Debug|x64
		{CF4F0BB1-E527-492F-9F8C-0924F371E00C}.Debug|x86.ActiveCfg = Debug|x86
		{CF4F0BB1-E527-492F-9F8C-0924F371E00C}.Debug|x86.Build.0 = Debug|x86
		{CF4F0BB1-E527-492F-9F8C-0924F371E00C}.Debug|x86.Deploy.0 = Debug|x86
		{CF4F0BB1-E527-492F-9F8C-0924F371E00C}.Release|Any CPU.ActiveCfg = Release|x86
		{CF4F0BB1-E527-492F-9F8C-0924F371E00C}.Release|ARM.ActiveCfg = Release|ARM
		{CF4F0BB1-E527-492F-9F8C-0924F371E00C}.Release|ARM.Build.0 = Release|ARM
		{CF4F0BB1-E527-492F-9F8C-0924F371E00C}.Release|ARM.Deploy.0 = Release|ARM
		{CF4F0BB1-E527-492F-9F8C-0924F371E00C}.Release|ARM64.ActiveCfg = Release|ARM64
		{CF4F0BB1-E527-492F-9F8C-0924F371E00C}.Release|ARM64.Build.0 = Release|ARM64
		{CF4F0BB1-E527-492F-9F8C-0924F371E00C}.Release|ARM64.Deploy.0 = Release|ARM64
		{CF4F0BB1-E527-492F-9F8C-0924F371E00C}.Release|x64.ActiveCfg = Release|x64
		{CF4F0BB1-E527-492F-9F8C-0924F371E00C}.Release|x64.Build.0 = Release|x64
		{CF4F0BB1-E527-492F-9F8C-0924F371E00C}.Release|x64.Deploy.0 = Release|x64
		{CF4F0BB1-E527-492F-9F8C-0924F371E00C}.Release|x86.ActiveCfg = Release|x86
		{CF4F0BB1-E527-492F-9F8C-0924F371E00C}.Release|x86.Build.0 = Release|x86
		{CF4F0BB1-E527-492F-9F8C-0924F371E00C}.Release|x86.Deploy.0 = Release|x86
		{1EC3C865-40AC-4FEF-A816-2752EE0658DC}.Debug|Any CPU.ActiveCfg = Debug|Any CPU
		{1EC3C865-40AC-4FEF-A816-2752EE0658DC}.Debug|Any CPU.Build.0 = Debug|Any CPU
		{1EC3C865-40AC-4FEF-A816-2752EE0658DC}.Debug|ARM.ActiveCfg = Debug|Any CPU
		{1EC3C865-40AC-4FEF-A816-2752EE0658DC}.Debug|ARM.Build.0 = Debug|Any CPU
		{1EC3C865-40AC-4FEF-A816-2752EE0658DC}.Debug|ARM64.ActiveCfg = Debug|Any CPU
		{1EC3C865-40AC-4FEF-A816-2752EE0658DC}.Debug|ARM64.Build.0 = Debug|Any CPU
		{1EC3C865-40AC-4FEF-A816-2752EE0658DC}.Debug|x64.ActiveCfg = Debug|Any CPU
		{1EC3C865-40AC-4FEF-A816-2752EE0658DC}.Debug|x64.Build.0 = Debug|Any CPU
		{1EC3C865-40AC-4FEF-A816-2752EE0658DC}.Debug|x86.ActiveCfg = Debug|Any CPU
		{1EC3C865-40AC-4FEF-A816-2752EE0658DC}.Debug|x86.Build.0 = Debug|Any CPU
		{1EC3C865-40AC-4FEF-A816-2752EE0658DC}.Release|Any CPU.ActiveCfg = Release|Any CPU
		{1EC3C865-40AC-4FEF-A816-2752EE0658DC}.Release|Any CPU.Build.0 = Release|Any CPU
		{1EC3C865-40AC-4FEF-A816-2752EE0658DC}.Release|ARM.ActiveCfg = Release|Any CPU
		{1EC3C865-40AC-4FEF-A816-2752EE0658DC}.Release|ARM.Build.0 = Release|Any CPU
		{1EC3C865-40AC-4FEF-A816-2752EE0658DC}.Release|ARM64.ActiveCfg = Release|Any CPU
		{1EC3C865-40AC-4FEF-A816-2752EE0658DC}.Release|ARM64.Build.0 = Release|Any CPU
		{1EC3C865-40AC-4FEF-A816-2752EE0658DC}.Release|x64.ActiveCfg = Release|Any CPU
		{1EC3C865-40AC-4FEF-A816-2752EE0658DC}.Release|x64.Build.0 = Release|Any CPU
		{1EC3C865-40AC-4FEF-A816-2752EE0658DC}.Release|x86.ActiveCfg = Release|Any CPU
		{1EC3C865-40AC-4FEF-A816-2752EE0658DC}.Release|x86.Build.0 = Release|Any CPU
	EndGlobalSection
	GlobalSection(SolutionProperties) = preSolution
		HideSolutionNode = FALSE
	EndGlobalSection
	GlobalSection(ExtensibilityGlobals) = postSolution
		SolutionGuid = {F6A043C4-33E4-49DF-8D56-6B4431908FFF}
	EndGlobalSection
EndGlobal
